
Microsoft Visual Studio Solution File, Format Version 12.00
# Visual Studio 14
VisualStudioVersion = 14.0.25420.1
MinimumVisualStudioVersion = 10.0.40219.1
Project("{FAE04EC0-301F-11D3-BF4B-00C04F79EFBC}") = "OwinWebListenerHost", "OwinWebListenerHost\OwinWebListenerHost.csproj", "{34DE3921-5945-4298-AE42-0CA65B8266B1}"
EndProject
Project("{FAE04EC0-301F-11D3-BF4B-00C04F79EFBC}") = "OwinWebListenerHost.Tests", "OwinWebListenerHost.Tests\OwinWebListenerHost.Tests.csproj", "{BE6F5BE8-A274-4013-8350-B6038CEA0E3F}"
EndProject
Project("{FAE04EC0-301F-11D3-BF4B-00C04F79EFBC}") = "SampleServer", "SampleServer\SampleServer.csproj", "{033CBC60-5761-4DDD-801E-B977F8BA9F87}"
EndProject
Global
	GlobalSection(SolutionConfigurationPlatforms) = preSolution
		Debug|Any CPU = Debug|Any CPU
		Release|Any CPU = Release|Any CPU
	EndGlobalSection
	GlobalSection(ProjectConfigurationPlatforms) = postSolution
		{34DE3921-5945-4298-AE42-0CA65B8266B1}.Debug|Any CPU.ActiveCfg = Debug|Any CPU
		{34DE3921-5945-4298-AE42-0CA65B8266B1}.Debug|Any CPU.Build.0 = Debug|Any CPU
		{34DE3921-5945-4298-AE42-0CA65B8266B1}.Release|Any CPU.ActiveCfg = Release|Any CPU
		{34DE3921-5945-4298-AE42-0CA65B8266B1}.Release|Any CPU.Build.0 = Release|Any CPU
		{BE6F5BE8-A274-4013-8350-B6038CEA0E3F}.Debug|Any CPU.ActiveCfg = Debug|Any CPU
		{BE6F5BE8-A274-4013-8350-B6038CEA0E3F}.Debug|Any CPU.Build.0 = Debug|Any CPU
		{BE6F5BE8-A274-4013-8350-B6038CEA0E3F}.Release|Any CPU.ActiveCfg = Release|Any CPU
		{BE6F5BE8-A274-4013-8350-B6038CEA0E3F}.Release|Any CPU.Build.0 = Release|Any CPU
		{033CBC60-5761-4DDD-801E-B977F8BA9F87}.Debug|Any CPU.ActiveCfg = Debug|Any CPU
		{033CBC60-5761-4DDD-801E-B977F8BA9F87}.Debug|Any CPU.Build.0 = Debug|Any CPU
		{033CBC60-5761-4DDD-801E-B977F8BA9F87}.Release|Any CPU.ActiveCfg = Release|Any CPU
		{033CBC60-5761-4DDD-801E-B977F8BA9F87}.Release|Any CPU.Build.0 = Release|Any CPU
	EndGlobalSection
	GlobalSection(SolutionProperties) = preSolution
		HideSolutionNode = FALSE
	EndGlobalSection
EndGlobal
